
Microsoft Visual Studio Solution File, Format Version 12.00
# Visual Studio Version 16
VisualStudioVersion = 16.0.29409.12
MinimumVisualStudioVersion = 10.0.40219.1
Project("{FAE04EC0-301F-11D3-BF4B-00C04F79EFBC}") = "SortJaggedArray.Tests", "SortJaggedArray.Tests.csproj", "{1FA38BA2-5348-46F8-B378-2089B3FEC718}"
EndProject
Global
	GlobalSection(SolutionConfigurationPlatforms) = preSolution
		Debug|Any CPU = Debug|Any CPU
		Release|Any CPU = Release|Any CPU
	EndGlobalSection
	GlobalSection(ProjectConfigurationPlatforms) = postSolution
		{1FA38BA2-5348-46F8-B378-2089B3FEC718}.Debug|Any CPU.ActiveCfg = Debug|Any CPU
		{1FA38BA2-5348-46F8-B378-2089B3FEC718}.Debug|Any CPU.Build.0 = Debug|Any CPU
		{1FA38BA2-5348-46F8-B378-2089B3FEC718}.Release|Any CPU.ActiveCfg = Release|Any CPU
		{1FA38BA2-5348-46F8-B378-2089B3FEC718}.Release|Any CPU.Build.0 = Release|Any CPU
	EndGlobalSection
	GlobalSection(SolutionProperties) = preSolution
		HideSolutionNode = FALSE
	EndGlobalSection
	GlobalSection(ExtensibilityGlobals) = postSolution
		SolutionGuid = {3F3EC9D2-CA75-4A3A-8DFD-959CCD9472FD}
	EndGlobalSection
EndGlobal
