
Microsoft Visual Studio Solution File, Format Version 12.00
# Visual Studio Version 16
VisualStudioVersion = 16.0.29409.12
MinimumVisualStudioVersion = 10.0.40219.1
Project("{9A19103F-16F7-4668-BE54-9A1E7A4F7556}") = "GCD", "GCD.csproj", "{F426BC6B-5DD2-4B20-9E79-042F6702B12F}"
EndProject
Project("{9A19103F-16F7-4668-BE54-9A1E7A4F7556}") = "GCD.Tests", "..\GCD.Tests\GCD.Tests.csproj", "{E4D227E1-59BE-44BA-8A7D-EB82E777F70E}"
EndProject
Global
	GlobalSection(SolutionConfigurationPlatforms) = preSolution
		Debug|Any CPU = Debug|Any CPU
		Release|Any CPU = Release|Any CPU
	EndGlobalSection
	GlobalSection(ProjectConfigurationPlatforms) = postSolution
		{F426BC6B-5DD2-4B20-9E79-042F6702B12F}.Debug|Any CPU.ActiveCfg = Debug|Any CPU
		{F426BC6B-5DD2-4B20-9E79-042F6702B12F}.Debug|Any CPU.Build.0 = Debug|Any CPU
		{F426BC6B-5DD2-4B20-9E79-042F6702B12F}.Release|Any CPU.ActiveCfg = Release|Any CPU
		{F426BC6B-5DD2-4B20-9E79-042F6702B12F}.Release|Any CPU.Build.0 = Release|Any CPU
		{E4D227E1-59BE-44BA-8A7D-EB82E777F70E}.Debug|Any CPU.ActiveCfg = Debug|Any CPU
		{E4D227E1-59BE-44BA-8A7D-EB82E777F70E}.Debug|Any CPU.Build.0 = Debug|Any CPU
		{E4D227E1-59BE-44BA-8A7D-EB82E777F70E}.Release|Any CPU.ActiveCfg = Release|Any CPU
		{E4D227E1-59BE-44BA-8A7D-EB82E777F70E}.Release|Any CPU.Build.0 = Release|Any CPU
	EndGlobalSection
	GlobalSection(SolutionProperties) = preSolution
		HideSolutionNode = FALSE
	EndGlobalSection
	GlobalSection(ExtensibilityGlobals) = postSolution
		SolutionGuid = {31B7667F-AF34-4EB2-95D5-2F479DF9A894}
	EndGlobalSection
EndGlobal
